// !$*UTF8*$!
{
	archiveVersion = 1;
	classes = {
	};
	objectVersion = 50;
	objects = {

/* Begin PBXBuildFile section */
		04493EAC29C982E600378301 /* AppDelegate.swift in Sources */ = {isa = PBXBuildFile; fileRef = 04493EAB29C982E600378301 /* AppDelegate.swift */; };
		04493EAE29C982E600378301 /* SceneDelegate.swift in Sources */ = {isa = PBXBuildFile; fileRef = 04493EAD29C982E600378301 /* SceneDelegate.swift */; };
		04493EB029C982E600378301 /* ViewController.swift in Sources */ = {isa = PBXBuildFile; fileRef = 04493EAF29C982E600378301 /* ViewController.swift */; };
		04493EB329C982E600378301 /* Main.storyboard in Resources */ = {isa = PBXBuildFile; fileRef = 04493EB129C982E600378301 /* Main.storyboard */; };
		04493EB529C982E800378301 /* Assets.xcassets in Resources */ = {isa = PBXBuildFile; fileRef = 04493EB429C982E800378301 /* Assets.xcassets */; };
		04493EB829C982E800378301 /* LaunchScreen.storyboard in Resources */ = {isa = PBXBuildFile; fileRef = 04493EB629C982E800378301 /* LaunchScreen.storyboard */; };
		04493EC529C9873000378301 /* pic1.jpeg in Resources */ = {isa = PBXBuildFile; fileRef = 04493EC429C9873000378301 /* pic1.jpeg */; };
		04493EC829C987D600378301 /* pic2.avif in Resources */ = {isa = PBXBuildFile; fileRef = 04493EC729C987D600378301 /* pic2.avif */; };
/* End PBXBuildFile section */

/* Begin PBXFileReference section */
		04493EA829C982E600378301 /* tabbar_demo.app */ = {isa = PBXFileReference; explicitFileType = wrapper.application; includeInIndex = 0; path = tabbar_demo.app; sourceTree = BUILT_PRODUCTS_DIR; };
		04493EAB29C982E600378301 /* AppDelegate.swift */ = {isa = PBXFileReference; lastKnownFileType = sourcecode.swift; path = AppDelegate.swift; sourceTree = "<group>"; };
		04493EAD29C982E600378301 /* SceneDelegate.swift */ = {isa = PBXFileReference; lastKnownFileType = sourcecode.swift; path = SceneDelegate.swift; sourceTree = "<group>"; };
		04493EAF29C982E600378301 /* ViewController.swift */ = {isa = PBXFileReference; lastKnownFileType = sourcecode.swift; path = ViewController.swift; sourceTree = "<group>"; };
		04493EB229C982E600378301 /* Base */ = {isa = PBXFileReference; lastKnownFileType = file.storyboard; name = Base; path = Base.lproj/Main.storyboard; sourceTree = "<group>"; };
		04493EB429C982E800378301 /* Assets.xcassets */ = {isa = PBXFileReference; lastKnownFileType = folder.assetcatalog; path = Assets.xcassets; sourceTree = "<group>"; };
		04493EB729C982E800378301 /* Base */ = {isa = PBXFileReference; lastKnownFileType = file.storyboard; name = Base; path = Base.lproj/LaunchScreen.storyboard; sourceTree = "<group>"; };
		04493EB929C982E800378301 /* Info.plist */ = {isa = PBXFileReference; lastKnownFileType = text.plist.xml; path = Info.plist; sourceTree = "<group>"; };
		04493EC429C9873000378301 /* pic1.jpeg */ = {isa = PBXFileReference; lastKnownFileType = image.jpeg; name = pic1.jpeg; path = ../../../../Downloads/pic1.jpeg; sourceTree = "<group>"; };
		04493EC729C987D600378301 /* pic2.avif */ = {isa = PBXFileReference; lastKnownFileType = file; name = pic2.avif; path = ../../../../Downloads/pic2.avif; sourceTree = "<group>"; };
/* End PBXFileReference section */

/* Begin PBXFrameworksBuildPhase section */
		04493EA529C982E600378301 /* Frameworks */ = {
			isa = PBXFrameworksBuildPhase;
			buildActionMask = 2147483647;
			files = (
			);
			runOnlyForDeploymentPostprocessing = 0;
		};
/* End PBXFrameworksBuildPhase section */

/* Begin PBXGroup section */
		04493E9F29C982E600378301 = {
			isa = PBXGroup;
			children = (
				04493EAA29C982E600378301 /* tabbar_demo */,
				04493EA929C982E600378301 /* Products */,
			);
			sourceTree = "<group>";
		};
		04493EA929C982E600378301 /* Products */ = {
			isa = PBXGroup;
			children = (
				04493EA829C982E600378301 /* tabbar_demo.app */,
			);
			name = Products;
			sourceTree = "<group>";
		};
		04493EAA29C982E600378301 /* tabbar_demo */ = {
			isa = PBXGroup;
			children = (
				04493EC729C987D600378301 /* pic2.avif */,
				04493EC429C9873000378301 /* pic1.jpeg */,
				04493EAB29C982E600378301 /* AppDelegate.swift */,
				04493EAD29C982E600378301 /* SceneDelegate.swift */,
				04493EAF29C982E600378301 /* ViewController.swift */,
				04493EB129C982E600378301 /* Main.storyboard */,
				04493EB429C982E800378301 /* Assets.xcassets */,
				04493EB629C982E800378301 /* LaunchScreen.storyboard */,
				04493EB929C982E800378301 /* Info.plist */,
			);
			path = tabbar_demo;
			sourceTree = "<group>";
		};
/* End PBXGroup section */

/* Begin PBXNativeTarget section */
		04493EA729C982E600378301 /* tabbar_demo */ = {
			isa = PBXNativeTarget;
			buildConfigurationList = 04493EBC29C982E800378301 /* Build configuration list for PBXNativeTarget "tabbar_demo" */;
			buildPhases = (
				04493EA429C982E600378301 /* Sources */,
				04493EA529C982E600378301 /* Frameworks */,
				04493EA629C982E600378301 /* Resources */,
			);
			buildRules = (
			);
			dependencies = (
			);
			name = tabbar_demo;
			productName = tabbar_demo;
			productReference = 04493EA829C982E600378301 /* tabbar_demo.app */;
			productType = "com.apple.product-type.application";
		};
/* End PBXNativeTarget section */

/* Begin PBXProject section */
		04493EA029C982E600378301 /* Project object */ = {
			isa = PBXProject;
			attributes = {
				LastSwiftUpdateCheck = 1200;
				LastUpgradeCheck = 1200;
				TargetAttributes = {
					04493EA729C982E600378301 = {
						CreatedOnToolsVersion = 12.0;
					};
				};
			};
			buildConfigurationList = 04493EA329C982E600378301 /* Build configuration list for PBXProject "tabbar_demo" */;
			compatibilityVersion = "Xcode 9.3";
			developmentRegion = en;
			hasScannedForEncodings = 0;
			knownRegions = (
				en,
				Base,
			);
			mainGroup = 04493E9F29C982E600378301;
			productRefGroup = 04493EA929C982E600378301 /* Products */;
			projectDirPath = "";
			projectRoot = "";
			targets = (
				04493EA729C982E600378301 /* tabbar_demo */,
			);
		};
/* End PBXProject section */

/* Begin PBXResourcesBuildPhase section */
		04493EA629C982E600378301 /* Resources */ = {
			isa = PBXResourcesBuildPhase;
			buildActionMask = 2147483647;
			files = (
				04493EC829C987D600378301 /* pic2.avif in Resources */,
				04493EB829C982E800378301 /* LaunchScreen.storyboard in Resources */,
				04493EB529C982E800378301 /* Assets.xcassets in Resources */,
				04493EC529C9873000378301 /* pic1.jpeg in Resources */,
				04493EB329C982E600378301 /* Main.storyboard in Resources */,
			);
			runOnlyForDeploymentPostprocessing = 0;
		};
/* End PBXResourcesBuildPhase section */

/* Begin PBXSourcesBuildPhase section */
		04493EA429C982E600378301 /* Sources */ = {
			isa = PBXSourcesBuildPhase;
			buildActionMask = 2147483647;
			files = (
				04493EB029C982E600378301 /* ViewController.swift in Sources */,
				04493EAC29C982E600378301 /* AppDelegate.swift in Sources */,
				04493EAE29C982E600378301 /* SceneDelegate.swift in Sources */,
			);
			runOnlyForDeploymentPostprocessing = 0;
		};
/* End PBXSourcesBuildPhase section */

/* Begin PBXVariantGroup section */
		04493EB129C982E600378301 /* Main.storyboard */ = {
			isa = PBXVariantGroup;
			children = (
				04493EB229C982E600378301 /* Base */,
			);
			name = Main.storyboard;
			sourceTree = "<group>";
		};
		04493EB629C982E800378301 /* LaunchScreen.storyboard */ = {
			isa = PBXVariantGroup;
			children = (
				04493EB729C982E800378301 /* Base */,
			);
			name = LaunchScreen.storyboard;
			sourceTree = "<group>";
		};
/* End PBXVariantGroup section */

/* Begin XCBuildConfiguration section */
		04493EBA29C982E800378301 /* Debug */ = {
			isa = XCBuildConfiguration;
			buildSettings = {
				ALWAYS_SEARCH_USER_PATHS = NO;
				CLANG_ANALYZER_NONNULL = YES;
				CLANG_ANALYZER_NUMBER_OBJECT_CONVERSION = YES_AGGRESSIVE;
				CLANG_CXX_LANGUAGE_STANDARD = "gnu++14";
				CLANG_CXX_LIBRARY = "libc++";
				CLANG_ENABLE_MODULES = YES;
				CLANG_ENABLE_OBJC_ARC = YES;
				CLANG_ENABLE_OBJC_WEAK = YES;
				CLANG_WARN_BLOCK_CAPTURE_AUTORELEASING = YES;
				CLANG_WARN_BOOL_CONVERSION = YES;
				CLANG_WARN_COMMA = YES;
				CLANG_WARN_CONSTANT_CONVERSION = YES;
				CLANG_WARN_DEPRECATED_OBJC_IMPLEMENTATIONS = YES;
				CLANG_WARN_DIRECT_OBJC_ISA_USAGE = YES_ERROR;
				CLANG_WARN_DOCUMENTATION_COMMENTS = YES;
				CLANG_WARN_EMPTY_BODY = YES;
				CLANG_WARN_ENUM_CONVERSION = YES;
				CLANG_WARN_INFINITE_RECURSION = YES;
				CLANG_WARN_INT_CONVERSION = YES;
				CLANG_WARN_NON_LITERAL_NULL_CONVERSION = YES;
				CLANG_WARN_OBJC_IMPLICIT_RETAIN_SELF = YES;
				CLANG_WARN_OBJC_LITERAL_CONVERSION = YES;
				CLANG_WARN_OBJC_ROOT_CLASS = YES_ERROR;
				CLANG_WARN_QUOTED_INCLUDE_IN_FRAMEWORK_HEADER = YES;
				CLANG_WARN_RANGE_LOOP_ANALYSIS = YES;
				CLANG_WARN_STRICT_PROTOTYPES = YES;
				CLANG_WARN_SUSPICIOUS_MOVE = YES;
				CLANG_WARN_UNGUARDED_AVAILABILITY = YES_AGGRESSIVE;
				CLANG_WARN_UNREACHABLE_CODE = YES;
				CLANG_WARN__DUPLICATE_METHOD_MATCH = YES;
				COPY_PHASE_STRIP = NO;
				DEBUG_INFORMATION_FORMAT = dwarf;
				ENABLE_STRICT_OBJC_MSGSEND = YES;
				ENABLE_TESTABILITY = YES;
				GCC_C_LANGUAGE_STANDARD = gnu11;
				GCC_DYNAMIC_NO_PIC = NO;
				GCC_NO_COMMON_BLOCKS = YES;
				GCC_OPTIMIZATION_LEVEL = 0;
				GCC_PREPROCESSOR_DEFINITIONS = (
					"DEBUG=1",
					"$(inherited)",
				);
				GCC_WARN_64_TO_32_BIT_CONVERSION = YES;
				GCC_WARN_ABOUT_RETURN_TYPE = YES_ERROR;
				GCC_WARN_UNDECLARED_SELECTOR = YES;
				GCC_WARN_UNINITIALIZED_AUTOS = YES_AGGRESSIVE;
				GCC_WARN_UNUSED_FUNCTION = YES;
				GCC_WARN_UNUSED_VARIABLE = YES;
				IPHONEOS_DEPLOYMENT_TARGET = 14.0;
				MTL_ENABLE_DEBUG_INFO = INCLUDE_SOURCE;
				MTL_FAST_MATH = YES;
				ONLY_ACTIVE_ARCH = YES;
				SDKROOT = iphoneos;
				SWIFT_ACTIVE_COMPILATION_CONDITIONS = DEBUG;
				SWIFT_OPTIMIZATION_LEVEL = "-Onone";
			};
			name = Debug;
		};
		04493EBB29C982E800378301 /* Release */ = {
			isa = XCBuildConfiguration;
			buildSettings = {
				ALWAYS_SEARCH_USER_PATHS = NO;
				CLANG_ANALYZER_NONNULL = YES;
				CLANG_ANALYZER_NUMBER_OBJECT_CONVERSION = YES_AGGRESSIVE;
				CLANG_CXX_LANGUAGE_STANDARD = "gnu++14";
				CLANG_CXX_LIBRARY = "libc++";
				CLANG_ENABLE_MODULES = YES;
				CLANG_ENABLE_OBJC_ARC = YES;
				CLANG_ENABLE_OBJC_WEAK = YES;
				CLANG_WARN_BLOCK_CAPTURE_AUTORELEASING = YES;
				CLANG_WARN_BOOL_CONVERSION = YES;
				CLANG_WARN_COMMA = YES;
				CLANG_WARN_CONSTANT_CONVERSION = YES;
				CLANG_WARN_DEPRECATED_OBJC_IMPLEMENTATIONS = YES;
				CLANG_WARN_DIRECT_OBJC_ISA_USAGE = YES_ERROR;
				CLANG_WARN_DOCUMENTATION_COMMENTS = YES;
				CLANG_WARN_EMPTY_BODY = YES;
				CLANG_WARN_ENUM_CONVERSION = YES;
				CLANG_WARN_INFINITE_RECURSION = YES;
				CLANG_WARN_INT_CONVERSION = YES;
				CLANG_WARN_NON_LITERAL_NULL_CONVERSION = YES;
				CLANG_WARN_OBJC_IMPLICIT_RETAIN_SELF = YES;
				CLANG_WARN_OBJC_LITERAL_CONVERSION = YES;
				CLANG_WARN_OBJC_ROOT_CLASS = YES_ERROR;
				CLANG_WARN_QUOTED_INCLUDE_IN_FRAMEWORK_HEADER = YES;
				CLANG_WARN_RANGE_LOOP_ANALYSIS = YES;
				CLANG_WARN_STRICT_PROTOTYPES = YES;
				CLANG_WARN_SUSPICIOUS_MOVE = YES;
				CLANG_WARN_UNGUARDED_AVAILABILITY = YES_AGGRESSIVE;
				CLANG_WARN_UNREACHABLE_CODE = YES;
				CLANG_WARN__DUPLICATE_METHOD_MATCH = YES;
				COPY_PHASE_STRIP = NO;
				DEBUG_INFORMATION_FORMAT = "dwarf-with-dsym";
				ENABLE_NS_ASSERTIONS = NO;
				ENABLE_STRICT_OBJC_MSGSEND = YES;
				GCC_C_LANGUAGE_STANDARD = gnu11;
				GCC_NO_COMMON_BLOCKS = YES;
				GCC_WARN_64_TO_32_BIT_CONVERSION = YES;
				GCC_WARN_ABOUT_RETURN_TYPE = YES_ERROR;
				GCC_WARN_UNDECLARED_SELECTOR = YES;
				GCC_WARN_UNINITIALIZED_AUTOS = YES_AGGRESSIVE;
				GCC_WARN_UNUSED_FUNCTION = YES;
				GCC_WARN_UNUSED_VARIABLE = YES;
				IPHONEOS_DEPLOYMENT_TARGET = 14.0;
				MTL_ENABLE_DEBUG_INFO = NO;
				MTL_FAST_MATH = YES;
				SDKROOT = iphoneos;
				SWIFT_COMPILATION_MODE = wholemodule;
				SWIFT_OPTIMIZATION_LEVEL = "-O";
				VALIDATE_PRODUCT = YES;
			};
			name = Release;
		};
		04493EBD29C982E800378301 /* Debug */ = {
			isa = XCBuildConfiguration;
			buildSettings = {
				ASSETCATALOG_COMPILER_APPICON_NAME = AppIcon;
				ASSETCATALOG_COMPILER_GLOBAL_ACCENT_COLOR_NAME = AccentColor;
				CODE_SIGN_STYLE = Automatic;
				INFOPLIST_FILE = tabbar_demo/Info.plist;
				LD_RUNPATH_SEARCH_PATHS = (
					"$(inherited)",
					"@executable_path/Frameworks",
				);
				PRODUCT_BUNDLE_IDENTIFIER = "mscit.tabbar-demo";
				PRODUCT_NAME = "$(TARGET_NAME)";
				SWIFT_VERSION = 5.0;
				TARGETED_DEVICE_FAMILY = "1,2";
			};
			name = Debug;
		};
		04493EBE29C982E800378301 /* Release */ = {
			isa = XCBuildConfiguration;
			buildSettings = {
				ASSETCATALOG_COMPILER_APPICON_NAME = AppIcon;
				ASSETCATALOG_COMPILER_GLOBAL_ACCENT_COLOR_NAME = AccentColor;
				CODE_SIGN_STYLE = Automatic;
				INFOPLIST_FILE = tabbar_demo/Info.plist;
				LD_RUNPATH_SEARCH_PATHS = (
					"$(inherited)",
					"@executable_path/Frameworks",
				);
				PRODUCT_BUNDLE_IDENTIFIER = "mscit.tabbar-demo";
				PRODUCT_NAME = "$(TARGET_NAME)";
				SWIFT_VERSION = 5.0;
				TARGETED_DEVICE_FAMILY = "1,2";
			};
			name = Release;
		};
/* End XCBuildConfiguration section */

/* Begin XCConfigurationList section */
		04493EA329C982E600378301 /* Build configuration list for PBXProject "tabbar_demo" */ = {
			isa = XCConfigurationList;
			buildConfigurations = (
				04493EBA29C982E800378301 /* Debug */,
				04493EBB29C982E800378301 /* Release */,
			);
			defaultConfigurationIsVisible = 0;
			defaultConfigurationName = Release;
		};
		04493EBC29C982E800378301 /* Build configuration list for PBXNativeTarget "tabbar_demo" */ = {
			isa = XCConfigurationList;
			buildConfigurations = (
				04493EBD29C982E800378301 /* Debug */,
				04493EBE29C982E800378301 /* Release */,
			);
			defaultConfigurationIsVisible = 0;
			defaultConfigurationName = Release;
		};
/* End XCConfigurationList section */
	};
	rootObject = 04493EA029C982E600378301 /* Project object */;
}
