// !$*UTF8*$!
{
	archiveVersion = 1;
	classes = {
	};
	objectVersion = 50;
	objects = {

/* Begin PBXBuildFile section */
		04F53D8A29A33BB200931DD1 /* AppDelegate.swift in Sources */ = {isa = PBXBuildFile; fileRef = 04F53D8929A33BB200931DD1 /* AppDelegate.swift */; };
		04F53D8C29A33BB200931DD1 /* SceneDelegate.swift in Sources */ = {isa = PBXBuildFile; fileRef = 04F53D8B29A33BB200931DD1 /* SceneDelegate.swift */; };
		04F53D9129A33BB200931DD1 /* Main.storyboard in Resources */ = {isa = PBXBuildFile; fileRef = 04F53D8F29A33BB200931DD1 /* Main.storyboard */; };
		04F53D9329A33BB600931DD1 /* Assets.xcassets in Resources */ = {isa = PBXBuildFile; fileRef = 04F53D9229A33BB600931DD1 /* Assets.xcassets */; };
		04F53D9629A33BB600931DD1 /* LaunchScreen.storyboard in Resources */ = {isa = PBXBuildFile; fileRef = 04F53D9429A33BB600931DD1 /* LaunchScreen.storyboard */; };
		04F53DA029A33C6A00931DD1 /* tvcTableViewController.swift in Sources */ = {isa = PBXBuildFile; fileRef = 04F53D9F29A33C6A00931DD1 /* tvcTableViewController.swift */; };
		04F53DA329A33D3000931DD1 /* dvcViewController.swift in Sources */ = {isa = PBXBuildFile; fileRef = 04F53DA229A33D3000931DD1 /* dvcViewController.swift */; };
		04F53DA729A3415800931DD1 /* dvc.swift in Sources */ = {isa = PBXBuildFile; fileRef = 04F53DA629A3415800931DD1 /* dvc.swift */; };
/* End PBXBuildFile section */

/* Begin PBXFileReference section */
		04F53D8629A33BB200931DD1 /* tvc_demo2.app */ = {isa = PBXFileReference; explicitFileType = wrapper.application; includeInIndex = 0; path = tvc_demo2.app; sourceTree = BUILT_PRODUCTS_DIR; };
		04F53D8929A33BB200931DD1 /* AppDelegate.swift */ = {isa = PBXFileReference; lastKnownFileType = sourcecode.swift; path = AppDelegate.swift; sourceTree = "<group>"; };
		04F53D8B29A33BB200931DD1 /* SceneDelegate.swift */ = {isa = PBXFileReference; lastKnownFileType = sourcecode.swift; path = SceneDelegate.swift; sourceTree = "<group>"; };
		04F53D9029A33BB200931DD1 /* Base */ = {isa = PBXFileReference; lastKnownFileType = file.storyboard; name = Base; path = Base.lproj/Main.storyboard; sourceTree = "<group>"; };
		04F53D9229A33BB600931DD1 /* Assets.xcassets */ = {isa = PBXFileReference; lastKnownFileType = folder.assetcatalog; path = Assets.xcassets; sourceTree = "<group>"; };
		04F53D9529A33BB600931DD1 /* Base */ = {isa = PBXFileReference; lastKnownFileType = file.storyboard; name = Base; path = Base.lproj/LaunchScreen.storyboard; sourceTree = "<group>"; };
		04F53D9729A33BB600931DD1 /* Info.plist */ = {isa = PBXFileReference; lastKnownFileType = text.plist.xml; path = Info.plist; sourceTree = "<group>"; };
		04F53D9F29A33C6A00931DD1 /* tvcTableViewController.swift */ = {isa = PBXFileReference; lastKnownFileType = sourcecode.swift; path = tvcTableViewController.swift; sourceTree = "<group>"; };
		04F53DA229A33D3000931DD1 /* dvcViewController.swift */ = {isa = PBXFileReference; lastKnownFileType = sourcecode.swift; path = dvcViewController.swift; sourceTree = "<group>"; };
		04F53DA629A3415800931DD1 /* dvc.swift */ = {isa = PBXFileReference; lastKnownFileType = sourcecode.swift; path = dvc.swift; sourceTree = "<group>"; };
/* End PBXFileReference section */

/* Begin PBXFrameworksBuildPhase section */
		04F53D8329A33BB200931DD1 /* Frameworks */ = {
			isa = PBXFrameworksBuildPhase;
			buildActionMask = 2147483647;
			files = (
			);
			runOnlyForDeploymentPostprocessing = 0;
		};
/* End PBXFrameworksBuildPhase section */

/* Begin PBXGroup section */
		04F53D7D29A33BB200931DD1 = {
			isa = PBXGroup;
			children = (
				04F53D8829A33BB200931DD1 /* tvc_demo2 */,
				04F53D8729A33BB200931DD1 /* Products */,
			);
			sourceTree = "<group>";
		};
		04F53D8729A33BB200931DD1 /* Products */ = {
			isa = PBXGroup;
			children = (
				04F53D8629A33BB200931DD1 /* tvc_demo2.app */,
			);
			name = Products;
			sourceTree = "<group>";
		};
		04F53D8829A33BB200931DD1 /* tvc_demo2 */ = {
			isa = PBXGroup;
			children = (
				04F53D8929A33BB200931DD1 /* AppDelegate.swift */,
				04F53D8B29A33BB200931DD1 /* SceneDelegate.swift */,
				04F53D8F29A33BB200931DD1 /* Main.storyboard */,
				04F53D9229A33BB600931DD1 /* Assets.xcassets */,
				04F53D9429A33BB600931DD1 /* LaunchScreen.storyboard */,
				04F53D9729A33BB600931DD1 /* Info.plist */,
				04F53DA229A33D3000931DD1 /* dvcViewController.swift */,
				04F53D9F29A33C6A00931DD1 /* tvcTableViewController.swift */,
				04F53DA629A3415800931DD1 /* dvc.swift */,
			);
			path = tvc_demo2;
			sourceTree = "<group>";
		};
/* End PBXGroup section */

/* Begin PBXNativeTarget section */
		04F53D8529A33BB200931DD1 /* tvc_demo2 */ = {
			isa = PBXNativeTarget;
			buildConfigurationList = 04F53D9A29A33BB600931DD1 /* Build configuration list for PBXNativeTarget "tvc_demo2" */;
			buildPhases = (
				04F53D8229A33BB200931DD1 /* Sources */,
				04F53D8329A33BB200931DD1 /* Frameworks */,
				04F53D8429A33BB200931DD1 /* Resources */,
			);
			buildRules = (
			);
			dependencies = (
			);
			name = tvc_demo2;
			productName = tvc_demo2;
			productReference = 04F53D8629A33BB200931DD1 /* tvc_demo2.app */;
			productType = "com.apple.product-type.application";
		};
/* End PBXNativeTarget section */

/* Begin PBXProject section */
		04F53D7E29A33BB200931DD1 /* Project object */ = {
			isa = PBXProject;
			attributes = {
				LastSwiftUpdateCheck = 1200;
				LastUpgradeCheck = 1200;
				TargetAttributes = {
					04F53D8529A33BB200931DD1 = {
						CreatedOnToolsVersion = 12.0;
					};
				};
			};
			buildConfigurationList = 04F53D8129A33BB200931DD1 /* Build configuration list for PBXProject "tvc_demo2" */;
			compatibilityVersion = "Xcode 9.3";
			developmentRegion = en;
			hasScannedForEncodings = 0;
			knownRegions = (
				en,
				Base,
			);
			mainGroup = 04F53D7D29A33BB200931DD1;
			productRefGroup = 04F53D8729A33BB200931DD1 /* Products */;
			projectDirPath = "";
			projectRoot = "";
			targets = (
				04F53D8529A33BB200931DD1 /* tvc_demo2 */,
			);
		};
/* End PBXProject section */

/* Begin PBXResourcesBuildPhase section */
		04F53D8429A33BB200931DD1 /* Resources */ = {
			isa = PBXResourcesBuildPhase;
			buildActionMask = 2147483647;
			files = (
				04F53D9629A33BB600931DD1 /* LaunchScreen.storyboard in Resources */,
				04F53D9329A33BB600931DD1 /* Assets.xcassets in Resources */,
				04F53D9129A33BB200931DD1 /* Main.storyboard in Resources */,
			);
			runOnlyForDeploymentPostprocessing = 0;
		};
/* End PBXResourcesBuildPhase section */

/* Begin PBXSourcesBuildPhase section */
		04F53D8229A33BB200931DD1 /* Sources */ = {
			isa = PBXSourcesBuildPhase;
			buildActionMask = 2147483647;
			files = (
				04F53D8A29A33BB200931DD1 /* AppDelegate.swift in Sources */,
				04F53DA729A3415800931DD1 /* dvc.swift in Sources */,
				04F53DA029A33C6A00931DD1 /* tvcTableViewController.swift in Sources */,
				04F53DA329A33D3000931DD1 /* dvcViewController.swift in Sources */,
				04F53D8C29A33BB200931DD1 /* SceneDelegate.swift in Sources */,
			);
			runOnlyForDeploymentPostprocessing = 0;
		};
/* End PBXSourcesBuildPhase section */

/* Begin PBXVariantGroup section */
		04F53D8F29A33BB200931DD1 /* Main.storyboard */ = {
			isa = PBXVariantGroup;
			children = (
				04F53D9029A33BB200931DD1 /* Base */,
			);
			name = Main.storyboard;
			sourceTree = "<group>";
		};
		04F53D9429A33BB600931DD1 /* LaunchScreen.storyboard */ = {
			isa = PBXVariantGroup;
			children = (
				04F53D9529A33BB600931DD1 /* Base */,
			);
			name = LaunchScreen.storyboard;
			sourceTree = "<group>";
		};
/* End PBXVariantGroup section */

/* Begin XCBuildConfiguration section */
		04F53D9829A33BB600931DD1 /* Debug */ = {
			isa = XCBuildConfiguration;
			buildSettings = {
				ALWAYS_SEARCH_USER_PATHS = NO;
				CLANG_ANALYZER_NONNULL = YES;
				CLANG_ANALYZER_NUMBER_OBJECT_CONVERSION = YES_AGGRESSIVE;
				CLANG_CXX_LANGUAGE_STANDARD = "gnu++14";
				CLANG_CXX_LIBRARY = "libc++";
				CLANG_ENABLE_MODULES = YES;
				CLANG_ENABLE_OBJC_ARC = YES;
				CLANG_ENABLE_OBJC_WEAK = YES;
				CLANG_WARN_BLOCK_CAPTURE_AUTORELEASING = YES;
				CLANG_WARN_BOOL_CONVERSION = YES;
				CLANG_WARN_COMMA = YES;
				CLANG_WARN_CONSTANT_CONVERSION = YES;
				CLANG_WARN_DEPRECATED_OBJC_IMPLEMENTATIONS = YES;
				CLANG_WARN_DIRECT_OBJC_ISA_USAGE = YES_ERROR;
				CLANG_WARN_DOCUMENTATION_COMMENTS = YES;
				CLANG_WARN_EMPTY_BODY = YES;
				CLANG_WARN_ENUM_CONVERSION = YES;
				CLANG_WARN_INFINITE_RECURSION = YES;
				CLANG_WARN_INT_CONVERSION = YES;
				CLANG_WARN_NON_LITERAL_NULL_CONVERSION = YES;
				CLANG_WARN_OBJC_IMPLICIT_RETAIN_SELF = YES;
				CLANG_WARN_OBJC_LITERAL_CONVERSION = YES;
				CLANG_WARN_OBJC_ROOT_CLASS = YES_ERROR;
				CLANG_WARN_QUOTED_INCLUDE_IN_FRAMEWORK_HEADER = YES;
				CLANG_WARN_RANGE_LOOP_ANALYSIS = YES;
				CLANG_WARN_STRICT_PROTOTYPES = YES;
				CLANG_WARN_SUSPICIOUS_MOVE = YES;
				CLANG_WARN_UNGUARDED_AVAILABILITY = YES_AGGRESSIVE;
				CLANG_WARN_UNREACHABLE_CODE = YES;
				CLANG_WARN__DUPLICATE_METHOD_MATCH = YES;
				COPY_PHASE_STRIP = NO;
				DEBUG_INFORMATION_FORMAT = dwarf;
				ENABLE_STRICT_OBJC_MSGSEND = YES;
				ENABLE_TESTABILITY = YES;
				GCC_C_LANGUAGE_STANDARD = gnu11;
				GCC_DYNAMIC_NO_PIC = NO;
				GCC_NO_COMMON_BLOCKS = YES;
				GCC_OPTIMIZATION_LEVEL = 0;
				GCC_PREPROCESSOR_DEFINITIONS = (
					"DEBUG=1",
					"$(inherited)",
				);
				GCC_WARN_64_TO_32_BIT_CONVERSION = YES;
				GCC_WARN_ABOUT_RETURN_TYPE = YES_ERROR;
				GCC_WARN_UNDECLARED_SELECTOR = YES;
				GCC_WARN_UNINITIALIZED_AUTOS = YES_AGGRESSIVE;
				GCC_WARN_UNUSED_FUNCTION = YES;
				GCC_WARN_UNUSED_VARIABLE = YES;
				IPHONEOS_DEPLOYMENT_TARGET = 14.0;
				MTL_ENABLE_DEBUG_INFO = INCLUDE_SOURCE;
				MTL_FAST_MATH = YES;
				ONLY_ACTIVE_ARCH = YES;
				SDKROOT = iphoneos;
				SWIFT_ACTIVE_COMPILATION_CONDITIONS = DEBUG;
				SWIFT_OPTIMIZATION_LEVEL = "-Onone";
			};
			name = Debug;
		};
		04F53D9929A33BB600931DD1 /* Release */ = {
			isa = XCBuildConfiguration;
			buildSettings = {
				ALWAYS_SEARCH_USER_PATHS = NO;
				CLANG_ANALYZER_NONNULL = YES;
				CLANG_ANALYZER_NUMBER_OBJECT_CONVERSION = YES_AGGRESSIVE;
				CLANG_CXX_LANGUAGE_STANDARD = "gnu++14";
				CLANG_CXX_LIBRARY = "libc++";
				CLANG_ENABLE_MODULES = YES;
				CLANG_ENABLE_OBJC_ARC = YES;
				CLANG_ENABLE_OBJC_WEAK = YES;
				CLANG_WARN_BLOCK_CAPTURE_AUTORELEASING = YES;
				CLANG_WARN_BOOL_CONVERSION = YES;
				CLANG_WARN_COMMA = YES;
				CLANG_WARN_CONSTANT_CONVERSION = YES;
				CLANG_WARN_DEPRECATED_OBJC_IMPLEMENTATIONS = YES;
				CLANG_WARN_DIRECT_OBJC_ISA_USAGE = YES_ERROR;
				CLANG_WARN_DOCUMENTATION_COMMENTS = YES;
				CLANG_WARN_EMPTY_BODY = YES;
				CLANG_WARN_ENUM_CONVERSION = YES;
				CLANG_WARN_INFINITE_RECURSION = YES;
				CLANG_WARN_INT_CONVERSION = YES;
				CLANG_WARN_NON_LITERAL_NULL_CONVERSION = YES;
				CLANG_WARN_OBJC_IMPLICIT_RETAIN_SELF = YES;
				CLANG_WARN_OBJC_LITERAL_CONVERSION = YES;
				CLANG_WARN_OBJC_ROOT_CLASS = YES_ERROR;
				CLANG_WARN_QUOTED_INCLUDE_IN_FRAMEWORK_HEADER = YES;
				CLANG_WARN_RANGE_LOOP_ANALYSIS = YES;
				CLANG_WARN_STRICT_PROTOTYPES = YES;
				CLANG_WARN_SUSPICIOUS_MOVE = YES;
				CLANG_WARN_UNGUARDED_AVAILABILITY = YES_AGGRESSIVE;
				CLANG_WARN_UNREACHABLE_CODE = YES;
				CLANG_WARN__DUPLICATE_METHOD_MATCH = YES;
				COPY_PHASE_STRIP = NO;
				DEBUG_INFORMATION_FORMAT = "dwarf-with-dsym";
				ENABLE_NS_ASSERTIONS = NO;
				ENABLE_STRICT_OBJC_MSGSEND = YES;
				GCC_C_LANGUAGE_STANDARD = gnu11;
				GCC_NO_COMMON_BLOCKS = YES;
				GCC_WARN_64_TO_32_BIT_CONVERSION = YES;
				GCC_WARN_ABOUT_RETURN_TYPE = YES_ERROR;
				GCC_WARN_UNDECLARED_SELECTOR = YES;
				GCC_WARN_UNINITIALIZED_AUTOS = YES_AGGRESSIVE;
				GCC_WARN_UNUSED_FUNCTION = YES;
				GCC_WARN_UNUSED_VARIABLE = YES;
				IPHONEOS_DEPLOYMENT_TARGET = 14.0;
				MTL_ENABLE_DEBUG_INFO = NO;
				MTL_FAST_MATH = YES;
				SDKROOT = iphoneos;
				SWIFT_COMPILATION_MODE = wholemodule;
				SWIFT_OPTIMIZATION_LEVEL = "-O";
				VALIDATE_PRODUCT = YES;
			};
			name = Release;
		};
		04F53D9B29A33BB600931DD1 /* Debug */ = {
			isa = XCBuildConfiguration;
			buildSettings = {
				ASSETCATALOG_COMPILER_APPICON_NAME = AppIcon;
				ASSETCATALOG_COMPILER_GLOBAL_ACCENT_COLOR_NAME = AccentColor;
				CODE_SIGN_STYLE = Automatic;
				INFOPLIST_FILE = tvc_demo2/Info.plist;
				LD_RUNPATH_SEARCH_PATHS = (
					"$(inherited)",
					"@executable_path/Frameworks",
				);
				PRODUCT_BUNDLE_IDENTIFIER = "mscit.tvc-demo2";
				PRODUCT_NAME = "$(TARGET_NAME)";
				SWIFT_VERSION = 5.0;
				TARGETED_DEVICE_FAMILY = "1,2";
			};
			name = Debug;
		};
		04F53D9C29A33BB600931DD1 /* Release */ = {
			isa = XCBuildConfiguration;
			buildSettings = {
				ASSETCATALOG_COMPILER_APPICON_NAME = AppIcon;
				ASSETCATALOG_COMPILER_GLOBAL_ACCENT_COLOR_NAME = AccentColor;
				CODE_SIGN_STYLE = Automatic;
				INFOPLIST_FILE = tvc_demo2/Info.plist;
				LD_RUNPATH_SEARCH_PATHS = (
					"$(inherited)",
					"@executable_path/Frameworks",
				);
				PRODUCT_BUNDLE_IDENTIFIER = "mscit.tvc-demo2";
				PRODUCT_NAME = "$(TARGET_NAME)";
				SWIFT_VERSION = 5.0;
				TARGETED_DEVICE_FAMILY = "1,2";
			};
			name = Release;
		};
/* End XCBuildConfiguration section */

/* Begin XCConfigurationList section */
		04F53D8129A33BB200931DD1 /* Build configuration list for PBXProject "tvc_demo2" */ = {
			isa = XCConfigurationList;
			buildConfigurations = (
				04F53D9829A33BB600931DD1 /* Debug */,
				04F53D9929A33BB600931DD1 /* Release */,
			);
			defaultConfigurationIsVisible = 0;
			defaultConfigurationName = Release;
		};
		04F53D9A29A33BB600931DD1 /* Build configuration list for PBXNativeTarget "tvc_demo2" */ = {
			isa = XCConfigurationList;
			buildConfigurations = (
				04F53D9B29A33BB600931DD1 /* Debug */,
				04F53D9C29A33BB600931DD1 /* Release */,
			);
			defaultConfigurationIsVisible = 0;
			defaultConfigurationName = Release;
		};
/* End XCConfigurationList section */
	};
	rootObject = 04F53D7E29A33BB200931DD1 /* Project object */;
}
