// !$*UTF8*$!
{
	archiveVersion = 1;
	classes = {
	};
	objectVersion = 50;
	objects = {

/* Begin PBXBuildFile section */
		04E2E65B297FAF1500B795F0 /* AppDelegate.swift in Sources */ = {isa = PBXBuildFile; fileRef = 04E2E65A297FAF1500B795F0 /* AppDelegate.swift */; };
		04E2E65D297FAF1500B795F0 /* SceneDelegate.swift in Sources */ = {isa = PBXBuildFile; fileRef = 04E2E65C297FAF1500B795F0 /* SceneDelegate.swift */; };
		04E2E65F297FAF1500B795F0 /* ViewController.swift in Sources */ = {isa = PBXBuildFile; fileRef = 04E2E65E297FAF1500B795F0 /* ViewController.swift */; };
		04E2E662297FAF1500B795F0 /* Main.storyboard in Resources */ = {isa = PBXBuildFile; fileRef = 04E2E660297FAF1500B795F0 /* Main.storyboard */; };
		04E2E664297FAF1800B795F0 /* Assets.xcassets in Resources */ = {isa = PBXBuildFile; fileRef = 04E2E663297FAF1800B795F0 /* Assets.xcassets */; };
		04E2E667297FAF1800B795F0 /* LaunchScreen.storyboard in Resources */ = {isa = PBXBuildFile; fileRef = 04E2E665297FAF1800B795F0 /* LaunchScreen.storyboard */; };
		04E2E670297FB11E00B795F0 /* dvc.swift in Sources */ = {isa = PBXBuildFile; fileRef = 04E2E66F297FB11E00B795F0 /* dvc.swift */; };
/* End PBXBuildFile section */

/* Begin PBXFileReference section */
		04E2E657297FAF1500B795F0 /* ICT2_data_sharing.app */ = {isa = PBXFileReference; explicitFileType = wrapper.application; includeInIndex = 0; path = ICT2_data_sharing.app; sourceTree = BUILT_PRODUCTS_DIR; };
		04E2E65A297FAF1500B795F0 /* AppDelegate.swift */ = {isa = PBXFileReference; lastKnownFileType = sourcecode.swift; path = AppDelegate.swift; sourceTree = "<group>"; };
		04E2E65C297FAF1500B795F0 /* SceneDelegate.swift */ = {isa = PBXFileReference; lastKnownFileType = sourcecode.swift; path = SceneDelegate.swift; sourceTree = "<group>"; };
		04E2E65E297FAF1500B795F0 /* ViewController.swift */ = {isa = PBXFileReference; lastKnownFileType = sourcecode.swift; path = ViewController.swift; sourceTree = "<group>"; };
		04E2E661297FAF1500B795F0 /* Base */ = {isa = PBXFileReference; lastKnownFileType = file.storyboard; name = Base; path = Base.lproj/Main.storyboard; sourceTree = "<group>"; };
		04E2E663297FAF1800B795F0 /* Assets.xcassets */ = {isa = PBXFileReference; lastKnownFileType = folder.assetcatalog; path = Assets.xcassets; sourceTree = "<group>"; };
		04E2E666297FAF1800B795F0 /* Base */ = {isa = PBXFileReference; lastKnownFileType = file.storyboard; name = Base; path = Base.lproj/LaunchScreen.storyboard; sourceTree = "<group>"; };
		04E2E668297FAF1800B795F0 /* Info.plist */ = {isa = PBXFileReference; lastKnownFileType = text.plist.xml; path = Info.plist; sourceTree = "<group>"; };
		04E2E66F297FB11E00B795F0 /* dvc.swift */ = {isa = PBXFileReference; lastKnownFileType = sourcecode.swift; path = dvc.swift; sourceTree = "<group>"; };
/* End PBXFileReference section */

/* Begin PBXFrameworksBuildPhase section */
		04E2E654297FAF1500B795F0 /* Frameworks */ = {
			isa = PBXFrameworksBuildPhase;
			buildActionMask = 2147483647;
			files = (
			);
			runOnlyForDeploymentPostprocessing = 0;
		};
/* End PBXFrameworksBuildPhase section */

/* Begin PBXGroup section */
		04E2E64E297FAF1500B795F0 = {
			isa = PBXGroup;
			children = (
				04E2E659297FAF1500B795F0 /* ICT2_data_sharing */,
				04E2E658297FAF1500B795F0 /* Products */,
			);
			sourceTree = "<group>";
		};
		04E2E658297FAF1500B795F0 /* Products */ = {
			isa = PBXGroup;
			children = (
				04E2E657297FAF1500B795F0 /* ICT2_data_sharing.app */,
			);
			name = Products;
			sourceTree = "<group>";
		};
		04E2E659297FAF1500B795F0 /* ICT2_data_sharing */ = {
			isa = PBXGroup;
			children = (
				04E2E65A297FAF1500B795F0 /* AppDelegate.swift */,
				04E2E65C297FAF1500B795F0 /* SceneDelegate.swift */,
				04E2E65E297FAF1500B795F0 /* ViewController.swift */,
				04E2E660297FAF1500B795F0 /* Main.storyboard */,
				04E2E663297FAF1800B795F0 /* Assets.xcassets */,
				04E2E665297FAF1800B795F0 /* LaunchScreen.storyboard */,
				04E2E668297FAF1800B795F0 /* Info.plist */,
				04E2E66F297FB11E00B795F0 /* dvc.swift */,
			);
			path = ICT2_data_sharing;
			sourceTree = "<group>";
		};
/* End PBXGroup section */

/* Begin PBXNativeTarget section */
		04E2E656297FAF1500B795F0 /* ICT2_data_sharing */ = {
			isa = PBXNativeTarget;
			buildConfigurationList = 04E2E66B297FAF1800B795F0 /* Build configuration list for PBXNativeTarget "ICT2_data_sharing" */;
			buildPhases = (
				04E2E653297FAF1500B795F0 /* Sources */,
				04E2E654297FAF1500B795F0 /* Frameworks */,
				04E2E655297FAF1500B795F0 /* Resources */,
			);
			buildRules = (
			);
			dependencies = (
			);
			name = ICT2_data_sharing;
			productName = ICT2_data_sharing;
			productReference = 04E2E657297FAF1500B795F0 /* ICT2_data_sharing.app */;
			productType = "com.apple.product-type.application";
		};
/* End PBXNativeTarget section */

/* Begin PBXProject section */
		04E2E64F297FAF1500B795F0 /* Project object */ = {
			isa = PBXProject;
			attributes = {
				LastSwiftUpdateCheck = 1200;
				LastUpgradeCheck = 1200;
				TargetAttributes = {
					04E2E656297FAF1500B795F0 = {
						CreatedOnToolsVersion = 12.0;
					};
				};
			};
			buildConfigurationList = 04E2E652297FAF1500B795F0 /* Build configuration list for PBXProject "ICT2_data_sharing" */;
			compatibilityVersion = "Xcode 9.3";
			developmentRegion = en;
			hasScannedForEncodings = 0;
			knownRegions = (
				en,
				Base,
			);
			mainGroup = 04E2E64E297FAF1500B795F0;
			productRefGroup = 04E2E658297FAF1500B795F0 /* Products */;
			projectDirPath = "";
			projectRoot = "";
			targets = (
				04E2E656297FAF1500B795F0 /* ICT2_data_sharing */,
			);
		};
/* End PBXProject section */

/* Begin PBXResourcesBuildPhase section */
		04E2E655297FAF1500B795F0 /* Resources */ = {
			isa = PBXResourcesBuildPhase;
			buildActionMask = 2147483647;
			files = (
				04E2E667297FAF1800B795F0 /* LaunchScreen.storyboard in Resources */,
				04E2E664297FAF1800B795F0 /* Assets.xcassets in Resources */,
				04E2E662297FAF1500B795F0 /* Main.storyboard in Resources */,
			);
			runOnlyForDeploymentPostprocessing = 0;
		};
/* End PBXResourcesBuildPhase section */

/* Begin PBXSourcesBuildPhase section */
		04E2E653297FAF1500B795F0 /* Sources */ = {
			isa = PBXSourcesBuildPhase;
			buildActionMask = 2147483647;
			files = (
				04E2E65F297FAF1500B795F0 /* ViewController.swift in Sources */,
				04E2E670297FB11E00B795F0 /* dvc.swift in Sources */,
				04E2E65B297FAF1500B795F0 /* AppDelegate.swift in Sources */,
				04E2E65D297FAF1500B795F0 /* SceneDelegate.swift in Sources */,
			);
			runOnlyForDeploymentPostprocessing = 0;
		};
/* End PBXSourcesBuildPhase section */

/* Begin PBXVariantGroup section */
		04E2E660297FAF1500B795F0 /* Main.storyboard */ = {
			isa = PBXVariantGroup;
			children = (
				04E2E661297FAF1500B795F0 /* Base */,
			);
			name = Main.storyboard;
			sourceTree = "<group>";
		};
		04E2E665297FAF1800B795F0 /* LaunchScreen.storyboard */ = {
			isa = PBXVariantGroup;
			children = (
				04E2E666297FAF1800B795F0 /* Base */,
			);
			name = LaunchScreen.storyboard;
			sourceTree = "<group>";
		};
/* End PBXVariantGroup section */

/* Begin XCBuildConfiguration section */
		04E2E669297FAF1800B795F0 /* Debug */ = {
			isa = XCBuildConfiguration;
			buildSettings = {
				ALWAYS_SEARCH_USER_PATHS = NO;
				CLANG_ANALYZER_NONNULL = YES;
				CLANG_ANALYZER_NUMBER_OBJECT_CONVERSION = YES_AGGRESSIVE;
				CLANG_CXX_LANGUAGE_STANDARD = "gnu++14";
				CLANG_CXX_LIBRARY = "libc++";
				CLANG_ENABLE_MODULES = YES;
				CLANG_ENABLE_OBJC_ARC = YES;
				CLANG_ENABLE_OBJC_WEAK = YES;
				CLANG_WARN_BLOCK_CAPTURE_AUTORELEASING = YES;
				CLANG_WARN_BOOL_CONVERSION = YES;
				CLANG_WARN_COMMA = YES;
				CLANG_WARN_CONSTANT_CONVERSION = YES;
				CLANG_WARN_DEPRECATED_OBJC_IMPLEMENTATIONS = YES;
				CLANG_WARN_DIRECT_OBJC_ISA_USAGE = YES_ERROR;
				CLANG_WARN_DOCUMENTATION_COMMENTS = YES;
				CLANG_WARN_EMPTY_BODY = YES;
				CLANG_WARN_ENUM_CONVERSION = YES;
				CLANG_WARN_INFINITE_RECURSION = YES;
				CLANG_WARN_INT_CONVERSION = YES;
				CLANG_WARN_NON_LITERAL_NULL_CONVERSION = YES;
				CLANG_WARN_OBJC_IMPLICIT_RETAIN_SELF = YES;
				CLANG_WARN_OBJC_LITERAL_CONVERSION = YES;
				CLANG_WARN_OBJC_ROOT_CLASS = YES_ERROR;
				CLANG_WARN_QUOTED_INCLUDE_IN_FRAMEWORK_HEADER = YES;
				CLANG_WARN_RANGE_LOOP_ANALYSIS = YES;
				CLANG_WARN_STRICT_PROTOTYPES = YES;
				CLANG_WARN_SUSPICIOUS_MOVE = YES;
				CLANG_WARN_UNGUARDED_AVAILABILITY = YES_AGGRESSIVE;
				CLANG_WARN_UNREACHABLE_CODE = YES;
				CLANG_WARN__DUPLICATE_METHOD_MATCH = YES;
				COPY_PHASE_STRIP = NO;
				DEBUG_INFORMATION_FORMAT = dwarf;
				ENABLE_STRICT_OBJC_MSGSEND = YES;
				ENABLE_TESTABILITY = YES;
				GCC_C_LANGUAGE_STANDARD = gnu11;
				GCC_DYNAMIC_NO_PIC = NO;
				GCC_NO_COMMON_BLOCKS = YES;
				GCC_OPTIMIZATION_LEVEL = 0;
				GCC_PREPROCESSOR_DEFINITIONS = (
					"DEBUG=1",
					"$(inherited)",
				);
				GCC_WARN_64_TO_32_BIT_CONVERSION = YES;
				GCC_WARN_ABOUT_RETURN_TYPE = YES_ERROR;
				GCC_WARN_UNDECLARED_SELECTOR = YES;
				GCC_WARN_UNINITIALIZED_AUTOS = YES_AGGRESSIVE;
				GCC_WARN_UNUSED_FUNCTION = YES;
				GCC_WARN_UNUSED_VARIABLE = YES;
				IPHONEOS_DEPLOYMENT_TARGET = 14.0;
				MTL_ENABLE_DEBUG_INFO = INCLUDE_SOURCE;
				MTL_FAST_MATH = YES;
				ONLY_ACTIVE_ARCH = YES;
				SDKROOT = iphoneos;
				SWIFT_ACTIVE_COMPILATION_CONDITIONS = DEBUG;
				SWIFT_OPTIMIZATION_LEVEL = "-Onone";
			};
			name = Debug;
		};
		04E2E66A297FAF1800B795F0 /* Release */ = {
			isa = XCBuildConfiguration;
			buildSettings = {
				ALWAYS_SEARCH_USER_PATHS = NO;
				CLANG_ANALYZER_NONNULL = YES;
				CLANG_ANALYZER_NUMBER_OBJECT_CONVERSION = YES_AGGRESSIVE;
				CLANG_CXX_LANGUAGE_STANDARD = "gnu++14";
				CLANG_CXX_LIBRARY = "libc++";
				CLANG_ENABLE_MODULES = YES;
				CLANG_ENABLE_OBJC_ARC = YES;
				CLANG_ENABLE_OBJC_WEAK = YES;
				CLANG_WARN_BLOCK_CAPTURE_AUTORELEASING = YES;
				CLANG_WARN_BOOL_CONVERSION = YES;
				CLANG_WARN_COMMA = YES;
				CLANG_WARN_CONSTANT_CONVERSION = YES;
				CLANG_WARN_DEPRECATED_OBJC_IMPLEMENTATIONS = YES;
				CLANG_WARN_DIRECT_OBJC_ISA_USAGE = YES_ERROR;
				CLANG_WARN_DOCUMENTATION_COMMENTS = YES;
				CLANG_WARN_EMPTY_BODY = YES;
				CLANG_WARN_ENUM_CONVERSION = YES;
				CLANG_WARN_INFINITE_RECURSION = YES;
				CLANG_WARN_INT_CONVERSION = YES;
				CLANG_WARN_NON_LITERAL_NULL_CONVERSION = YES;
				CLANG_WARN_OBJC_IMPLICIT_RETAIN_SELF = YES;
				CLANG_WARN_OBJC_LITERAL_CONVERSION = YES;
				CLANG_WARN_OBJC_ROOT_CLASS = YES_ERROR;
				CLANG_WARN_QUOTED_INCLUDE_IN_FRAMEWORK_HEADER = YES;
				CLANG_WARN_RANGE_LOOP_ANALYSIS = YES;
				CLANG_WARN_STRICT_PROTOTYPES = YES;
				CLANG_WARN_SUSPICIOUS_MOVE = YES;
				CLANG_WARN_UNGUARDED_AVAILABILITY = YES_AGGRESSIVE;
				CLANG_WARN_UNREACHABLE_CODE = YES;
				CLANG_WARN__DUPLICATE_METHOD_MATCH = YES;
				COPY_PHASE_STRIP = NO;
				DEBUG_INFORMATION_FORMAT = "dwarf-with-dsym";
				ENABLE_NS_ASSERTIONS = NO;
				ENABLE_STRICT_OBJC_MSGSEND = YES;
				GCC_C_LANGUAGE_STANDARD = gnu11;
				GCC_NO_COMMON_BLOCKS = YES;
				GCC_WARN_64_TO_32_BIT_CONVERSION = YES;
				GCC_WARN_ABOUT_RETURN_TYPE = YES_ERROR;
				GCC_WARN_UNDECLARED_SELECTOR = YES;
				GCC_WARN_UNINITIALIZED_AUTOS = YES_AGGRESSIVE;
				GCC_WARN_UNUSED_FUNCTION = YES;
				GCC_WARN_UNUSED_VARIABLE = YES;
				IPHONEOS_DEPLOYMENT_TARGET = 14.0;
				MTL_ENABLE_DEBUG_INFO = NO;
				MTL_FAST_MATH = YES;
				SDKROOT = iphoneos;
				SWIFT_COMPILATION_MODE = wholemodule;
				SWIFT_OPTIMIZATION_LEVEL = "-O";
				VALIDATE_PRODUCT = YES;
			};
			name = Release;
		};
		04E2E66C297FAF1800B795F0 /* Debug */ = {
			isa = XCBuildConfiguration;
			buildSettings = {
				ASSETCATALOG_COMPILER_APPICON_NAME = AppIcon;
				ASSETCATALOG_COMPILER_GLOBAL_ACCENT_COLOR_NAME = AccentColor;
				CODE_SIGN_STYLE = Automatic;
				INFOPLIST_FILE = ICT2_data_sharing/Info.plist;
				LD_RUNPATH_SEARCH_PATHS = (
					"$(inherited)",
					"@executable_path/Frameworks",
				);
				PRODUCT_BUNDLE_IDENTIFIER = "mscit.ICT2-data-sharing";
				PRODUCT_NAME = "$(TARGET_NAME)";
				SWIFT_VERSION = 5.0;
				TARGETED_DEVICE_FAMILY = "1,2";
			};
			name = Debug;
		};
		04E2E66D297FAF1800B795F0 /* Release */ = {
			isa = XCBuildConfiguration;
			buildSettings = {
				ASSETCATALOG_COMPILER_APPICON_NAME = AppIcon;
				ASSETCATALOG_COMPILER_GLOBAL_ACCENT_COLOR_NAME = AccentColor;
				CODE_SIGN_STYLE = Automatic;
				INFOPLIST_FILE = ICT2_data_sharing/Info.plist;
				LD_RUNPATH_SEARCH_PATHS = (
					"$(inherited)",
					"@executable_path/Frameworks",
				);
				PRODUCT_BUNDLE_IDENTIFIER = "mscit.ICT2-data-sharing";
				PRODUCT_NAME = "$(TARGET_NAME)";
				SWIFT_VERSION = 5.0;
				TARGETED_DEVICE_FAMILY = "1,2";
			};
			name = Release;
		};
/* End XCBuildConfiguration section */

/* Begin XCConfigurationList section */
		04E2E652297FAF1500B795F0 /* Build configuration list for PBXProject "ICT2_data_sharing" */ = {
			isa = XCConfigurationList;
			buildConfigurations = (
				04E2E669297FAF1800B795F0 /* Debug */,
				04E2E66A297FAF1800B795F0 /* Release */,
			);
			defaultConfigurationIsVisible = 0;
			defaultConfigurationName = Release;
		};
		04E2E66B297FAF1800B795F0 /* Build configuration list for PBXNativeTarget "ICT2_data_sharing" */ = {
			isa = XCConfigurationList;
			buildConfigurations = (
				04E2E66C297FAF1800B795F0 /* Debug */,
				04E2E66D297FAF1800B795F0 /* Release */,
			);
			defaultConfigurationIsVisible = 0;
			defaultConfigurationName = Release;
		};
/* End XCConfigurationList section */
	};
	rootObject = 04E2E64F297FAF1500B795F0 /* Project object */;
}
